
Microsoft Visual Studio Solution File, Format Version 12.00
# Visual Studio Version 16
VisualStudioVersion = 16.0.30717.126
MinimumVisualStudioVersion = 10.0.40219.1
Project("{9A19103F-16F7-4668-BE54-9A1E7A4F7556}") = "GetRemoInfo", "GetRemoInfo\GetRemoInfo.csproj", "{1E78964A-BFF2-4E3D-9DBD-4B11862499FA}"
EndProject
Global
	GlobalSection(SolutionConfigurationPlatforms) = preSolution
		Debug|Any CPU = Debug|Any CPU
		Release|Any CPU = Release|Any CPU
	EndGlobalSection
	GlobalSection(ProjectConfigurationPlatforms) = postSolution
		{1E78964A-BFF2-4E3D-9DBD-4B11862499FA}.Debug|Any CPU.ActiveCfg = Debug|Any CPU
		{1E78964A-BFF2-4E3D-9DBD-4B11862499FA}.Debug|Any CPU.Build.0 = Debug|Any CPU
		{1E78964A-BFF2-4E3D-9DBD-4B11862499FA}.Release|Any CPU.ActiveCfg = Release|Any CPU
		{1E78964A-BFF2-4E3D-9DBD-4B11862499FA}.Release|Any CPU.Build.0 = Release|Any CPU
	EndGlobalSection
	GlobalSection(SolutionProperties) = preSolution
		HideSolutionNode = FALSE
	EndGlobalSection
	GlobalSection(ExtensibilityGlobals) = postSolution
		SolutionGuid = {8C2CA6BB-210E-4E63-8B4B-2F32C6482C01}
	EndGlobalSection
EndGlobal
